
Microsoft Visual Studio Solution File, Format Version 12.00
# Visual Studio Version 17
VisualStudioVersion = 17.1.32319.34
MinimumVisualStudioVersion = 10.0.40219.1
Project("{9A19103F-16F7-4668-BE54-9A1E7A4F7556}") = "Battleship", "Battleship\Battleship.csproj", "{A7C95E2B-CBBB-4C1D-80EB-4AE8CB977569}"
EndProject
Project("{9A19103F-16F7-4668-BE54-9A1E7A4F7556}") = "MainObjects", "Entities\MainObjects.csproj", "{535A70CE-D54A-4D03-9D4D-5DB9D66AC9CB}"
EndProject
Project("{9A19103F-16F7-4668-BE54-9A1E7A4F7556}") = "CommonObjects", "CommonObjects\CommonObjects.csproj", "{FDE6732A-1991-488F-B4B5-58659DBC50D5}"
EndProject
Project("{FAE04EC0-301F-11D3-BF4B-00C04F79EFBC}") = "BattlehipGame.Server", "BattlehipGame\Server\BattlehipGame.Server.csproj", "{D34B7A59-2ECD-47BC-BF50-9EAE77429E76}"
EndProject
Project("{FAE04EC0-301F-11D3-BF4B-00C04F79EFBC}") = "BattlehipGame.Client", "BattlehipGame\Client\BattlehipGame.Client.csproj", "{C4B13CF9-ECFC-4E38-AA88-B6502603198A}"
EndProject
Project("{FAE04EC0-301F-11D3-BF4B-00C04F79EFBC}") = "BattlehipGame.Shared", "BattlehipGame\Shared\BattlehipGame.Shared.csproj", "{668245AB-74A4-4697-BA2B-F62C3503CB71}"
EndProject
Global
	GlobalSection(SolutionConfigurationPlatforms) = preSolution
		Debug|Any CPU = Debug|Any CPU
		Release|Any CPU = Release|Any CPU
	EndGlobalSection
	GlobalSection(ProjectConfigurationPlatforms) = postSolution
		{A7C95E2B-CBBB-4C1D-80EB-4AE8CB977569}.Debug|Any CPU.ActiveCfg = Debug|Any CPU
		{A7C95E2B-CBBB-4C1D-80EB-4AE8CB977569}.Debug|Any CPU.Build.0 = Debug|Any CPU
		{A7C95E2B-CBBB-4C1D-80EB-4AE8CB977569}.Release|Any CPU.ActiveCfg = Release|Any CPU
		{A7C95E2B-CBBB-4C1D-80EB-4AE8CB977569}.Release|Any CPU.Build.0 = Release|Any CPU
		{535A70CE-D54A-4D03-9D4D-5DB9D66AC9CB}.Debug|Any CPU.ActiveCfg = Debug|Any CPU
		{535A70CE-D54A-4D03-9D4D-5DB9D66AC9CB}.Debug|Any CPU.Build.0 = Debug|Any CPU
		{535A70CE-D54A-4D03-9D4D-5DB9D66AC9CB}.Release|Any CPU.ActiveCfg = Release|Any CPU
		{535A70CE-D54A-4D03-9D4D-5DB9D66AC9CB}.Release|Any CPU.Build.0 = Release|Any CPU
		{FDE6732A-1991-488F-B4B5-58659DBC50D5}.Debug|Any CPU.ActiveCfg = Debug|Any CPU
		{FDE6732A-1991-488F-B4B5-58659DBC50D5}.Debug|Any CPU.Build.0 = Debug|Any CPU
		{FDE6732A-1991-488F-B4B5-58659DBC50D5}.Release|Any CPU.ActiveCfg = Release|Any CPU
		{FDE6732A-1991-488F-B4B5-58659DBC50D5}.Release|Any CPU.Build.0 = Release|Any CPU
		{D34B7A59-2ECD-47BC-BF50-9EAE77429E76}.Debug|Any CPU.ActiveCfg = Debug|Any CPU
		{D34B7A59-2ECD-47BC-BF50-9EAE77429E76}.Debug|Any CPU.Build.0 = Debug|Any CPU
		{D34B7A59-2ECD-47BC-BF50-9EAE77429E76}.Release|Any CPU.ActiveCfg = Release|Any CPU
		{D34B7A59-2ECD-47BC-BF50-9EAE77429E76}.Release|Any CPU.Build.0 = Release|Any CPU
		{C4B13CF9-ECFC-4E38-AA88-B6502603198A}.Debug|Any CPU.ActiveCfg = Debug|Any CPU
		{C4B13CF9-ECFC-4E38-AA88-B6502603198A}.Debug|Any CPU.Build.0 = Debug|Any CPU
		{C4B13CF9-ECFC-4E38-AA88-B6502603198A}.Release|Any CPU.ActiveCfg = Release|Any CPU
		{C4B13CF9-ECFC-4E38-AA88-B6502603198A}.Release|Any CPU.Build.0 = Release|Any CPU
		{668245AB-74A4-4697-BA2B-F62C3503CB71}.Debug|Any CPU.ActiveCfg = Debug|Any CPU
		{668245AB-74A4-4697-BA2B-F62C3503CB71}.Debug|Any CPU.Build.0 = Debug|Any CPU
		{668245AB-74A4-4697-BA2B-F62C3503CB71}.Release|Any CPU.ActiveCfg = Release|Any CPU
		{668245AB-74A4-4697-BA2B-F62C3503CB71}.Release|Any CPU.Build.0 = Release|Any CPU
	EndGlobalSection
	GlobalSection(SolutionProperties) = preSolution
		HideSolutionNode = FALSE
	EndGlobalSection
	GlobalSection(ExtensibilityGlobals) = postSolution
		SolutionGuid = {358E7DD4-EA57-4ED4-906C-7DB8376151C3}
	EndGlobalSection
EndGlobal
